
Microsoft Visual Studio Solution File, Format Version 12.00
# Visual Studio 15
VisualStudioVersion = 15.0.27703.2047
MinimumVisualStudioVersion = 10.0.40219.1
Project("{FAE04EC0-301F-11D3-BF4B-00C04F79EFBC}") = "Andoromeda.HRWeb", "Andoromeda.HRWeb\Andoromeda.HRWeb.csproj", "{6F02991D-8413-497F-BD2E-012CFF05083C}"
EndProject
Global
	GlobalSection(SolutionConfigurationPlatforms) = preSolution
		Debug|Any CPU = Debug|Any CPU
		Release|Any CPU = Release|Any CPU
	EndGlobalSection
	GlobalSection(ProjectConfigurationPlatforms) = postSolution
		{6F02991D-8413-497F-BD2E-012CFF05083C}.Debug|Any CPU.ActiveCfg = Debug|Any CPU
		{6F02991D-8413-497F-BD2E-012CFF05083C}.Debug|Any CPU.Build.0 = Debug|Any CPU
		{6F02991D-8413-497F-BD2E-012CFF05083C}.Release|Any CPU.ActiveCfg = Release|Any CPU
		{6F02991D-8413-497F-BD2E-012CFF05083C}.Release|Any CPU.Build.0 = Release|Any CPU
	EndGlobalSection
	GlobalSection(SolutionProperties) = preSolution
		HideSolutionNode = FALSE
	EndGlobalSection
	GlobalSection(ExtensibilityGlobals) = postSolution
		SolutionGuid = {DBFE91C2-A45F-44A6-9773-B5D2C0855298}
	EndGlobalSection
EndGlobal
